
Microsoft Visual Studio Solution File, Format Version 12.00
# Visual Studio Version 17
VisualStudioVersion = 17.0.31903.59
MinimumVisualStudioVersion = 10.0.40219.1
Project("{2150E333-8FDC-42A3-9474-1A3956D46DE8}") = "src", "src", "{F3DCAF54-2F9F-4EC8-A90A-0505D5CC964C}"
EndProject
Project("{2150E333-8FDC-42A3-9474-1A3956D46DE8}") = "core", "core", "{28EE3A54-76EF-42A4-A599-C3EE7944492B}"
EndProject
Project("{FAE04EC0-301F-11D3-BF4B-00C04F79EFBC}") = "NuGone.Domain", "src\core\NuGone.Domain\NuGone.Domain.csproj", "{E02D4038-4AFC-4DAD-9DF6-466954373392}"
EndProject
Project("{FAE04EC0-301F-11D3-BF4B-00C04F79EFBC}") = "NuGone.Application", "src\core\NuGone.Application\NuGone.Application.csproj", "{C7047E91-37C4-46A8-88D8-2812BA156BBA}"
EndProject
Project("{2150E333-8FDC-42A3-9474-1A3956D46DE8}") = "infrastructure", "infrastructure", "{1335D6A5-9A0D-43D7-8511-3A3F6F7AAB3E}"
EndProject
Project("{FAE04EC0-301F-11D3-BF4B-00C04F79EFBC}") = "NuGone.FileSystem", "src\infrastructure\NuGone.FileSystem\NuGone.FileSystem.csproj", "{C90FFDCF-BEC4-45CA-A6B9-4F3272A412B4}"
EndProject
Project("{FAE04EC0-301F-11D3-BF4B-00C04F79EFBC}") = "NuGone.NuGet", "src\infrastructure\NuGone.NuGet\NuGone.NuGet.csproj", "{830D77AF-9A10-4465-9951-8F8B9063851F}"
EndProject
Project("{2150E333-8FDC-42A3-9474-1A3956D46DE8}") = "presentation", "presentation", "{F2CDFEAF-6445-402E-A8AA-5337003674CB}"
EndProject
Project("{FAE04EC0-301F-11D3-BF4B-00C04F79EFBC}") = "NuGone.Cli", "src\presentation\NuGone.Cli\NuGone.Cli.csproj", "{94D73C0B-01BC-45F0-9CE6-D1F09A91E671}"
EndProject
Project("{2150E333-8FDC-42A3-9474-1A3956D46DE8}") = "tests", "tests", "{9DB33850-5CA7-4E48-BA03-67C9566F5B5F}"
EndProject
Project("{2150E333-8FDC-42A3-9474-1A3956D46DE8}") = "core", "core", "{F9EBE1CA-6197-4040-BB85-4C8E01D8B3A9}"
EndProject
Project("{FAE04EC0-301F-11D3-BF4B-00C04F79EFBC}") = "NuGone.Domain.Tests", "tests\core\NuGone.Domain.Tests\NuGone.Domain.Tests.csproj", "{2E9500DA-FD80-4A52-A42B-82EFE41C5013}"
EndProject
Project("{FAE04EC0-301F-11D3-BF4B-00C04F79EFBC}") = "NuGone.Application.Tests", "tests\core\NuGone.Application.Tests\NuGone.Application.Tests.csproj", "{EDD6C72C-3E7A-4F72-88E8-7E8965614207}"
EndProject
Project("{2150E333-8FDC-42A3-9474-1A3956D46DE8}") = "infrastructure", "infrastructure", "{C2FA3F93-FA3E-48DA-8581-62B195E7391C}"
EndProject
Project("{FAE04EC0-301F-11D3-BF4B-00C04F79EFBC}") = "NuGone.FileSystem.Tests", "tests\infrastructure\NuGone.FileSystem.Tests\NuGone.FileSystem.Tests.csproj", "{36AB6B75-E977-497B-BE9F-CF7EB385566D}"
EndProject
Project("{FAE04EC0-301F-11D3-BF4B-00C04F79EFBC}") = "NuGone.NuGet.Tests", "tests\infrastructure\NuGone.NuGet.Tests\NuGone.NuGet.Tests.csproj", "{BD5B6852-DD19-4759-BD61-726BD56E61A5}"
EndProject
Project("{2150E333-8FDC-42A3-9474-1A3956D46DE8}") = "presentation", "presentation", "{B22957D6-6A17-4E02-9710-5AC3B1563674}"
EndProject
Project("{FAE04EC0-301F-11D3-BF4B-00C04F79EFBC}") = "NuGone.Cli.Tests", "tests\presentation\NuGone.Cli.Tests\NuGone.Cli.Tests.csproj", "{513C7887-EC99-469E-82A8-448E21C0592D}"
EndProject
Global
	GlobalSection(SolutionConfigurationPlatforms) = preSolution
		Debug|Any CPU = Debug|Any CPU
		Release|Any CPU = Release|Any CPU
	EndGlobalSection
	GlobalSection(SolutionProperties) = preSolution
		HideSolutionNode = FALSE
	EndGlobalSection
	GlobalSection(ProjectConfigurationPlatforms) = postSolution
		{E02D4038-4AFC-4DAD-9DF6-466954373392}.Debug|Any CPU.ActiveCfg = Debug|Any CPU
		{E02D4038-4AFC-4DAD-9DF6-466954373392}.Debug|Any CPU.Build.0 = Debug|Any CPU
		{E02D4038-4AFC-4DAD-9DF6-466954373392}.Release|Any CPU.ActiveCfg = Release|Any CPU
		{E02D4038-4AFC-4DAD-9DF6-466954373392}.Release|Any CPU.Build.0 = Release|Any CPU
		{C7047E91-37C4-46A8-88D8-2812BA156BBA}.Debug|Any CPU.ActiveCfg = Debug|Any CPU
		{C7047E91-37C4-46A8-88D8-2812BA156BBA}.Debug|Any CPU.Build.0 = Debug|Any CPU
		{C7047E91-37C4-46A8-88D8-2812BA156BBA}.Release|Any CPU.ActiveCfg = Release|Any CPU
		{C7047E91-37C4-46A8-88D8-2812BA156BBA}.Release|Any CPU.Build.0 = Release|Any CPU
		{C90FFDCF-BEC4-45CA-A6B9-4F3272A412B4}.Debug|Any CPU.ActiveCfg = Debug|Any CPU
		{C90FFDCF-BEC4-45CA-A6B9-4F3272A412B4}.Debug|Any CPU.Build.0 = Debug|Any CPU
		{C90FFDCF-BEC4-45CA-A6B9-4F3272A412B4}.Release|Any CPU.ActiveCfg = Release|Any CPU
		{C90FFDCF-BEC4-45CA-A6B9-4F3272A412B4}.Release|Any CPU.Build.0 = Release|Any CPU
		{830D77AF-9A10-4465-9951-8F8B9063851F}.Debug|Any CPU.ActiveCfg = Debug|Any CPU
		{830D77AF-9A10-4465-9951-8F8B9063851F}.Debug|Any CPU.Build.0 = Debug|Any CPU
		{830D77AF-9A10-4465-9951-8F8B9063851F}.Release|Any CPU.ActiveCfg = Release|Any CPU
		{830D77AF-9A10-4465-9951-8F8B9063851F}.Release|Any CPU.Build.0 = Release|Any CPU
		{94D73C0B-01BC-45F0-9CE6-D1F09A91E671}.Debug|Any CPU.ActiveCfg = Debug|Any CPU
		{94D73C0B-01BC-45F0-9CE6-D1F09A91E671}.Debug|Any CPU.Build.0 = Debug|Any CPU
		{94D73C0B-01BC-45F0-9CE6-D1F09A91E671}.Release|Any CPU.ActiveCfg = Release|Any CPU
		{94D73C0B-01BC-45F0-9CE6-D1F09A91E671}.Release|Any CPU.Build.0 = Release|Any CPU
		{2E9500DA-FD80-4A52-A42B-82EFE41C5013}.Debug|Any CPU.ActiveCfg = Debug|Any CPU
		{2E9500DA-FD80-4A52-A42B-82EFE41C5013}.Debug|Any CPU.Build.0 = Debug|Any CPU
		{2E9500DA-FD80-4A52-A42B-82EFE41C5013}.Release|Any CPU.ActiveCfg = Release|Any CPU
		{2E9500DA-FD80-4A52-A42B-82EFE41C5013}.Release|Any CPU.Build.0 = Release|Any CPU
		{EDD6C72C-3E7A-4F72-88E8-7E8965614207}.Debug|Any CPU.ActiveCfg = Debug|Any CPU
		{EDD6C72C-3E7A-4F72-88E8-7E8965614207}.Debug|Any CPU.Build.0 = Debug|Any CPU
		{EDD6C72C-3E7A-4F72-88E8-7E8965614207}.Release|Any CPU.ActiveCfg = Release|Any CPU
		{EDD6C72C-3E7A-4F72-88E8-7E8965614207}.Release|Any CPU.Build.0 = Release|Any CPU
		{36AB6B75-E977-497B-BE9F-CF7EB385566D}.Debug|Any CPU.ActiveCfg = Debug|Any CPU
		{36AB6B75-E977-497B-BE9F-CF7EB385566D}.Debug|Any CPU.Build.0 = Debug|Any CPU
		{36AB6B75-E977-497B-BE9F-CF7EB385566D}.Release|Any CPU.ActiveCfg = Release|Any CPU
		{36AB6B75-E977-497B-BE9F-CF7EB385566D}.Release|Any CPU.Build.0 = Release|Any CPU
		{BD5B6852-DD19-4759-BD61-726BD56E61A5}.Debug|Any CPU.ActiveCfg = Debug|Any CPU
		{BD5B6852-DD19-4759-BD61-726BD56E61A5}.Debug|Any CPU.Build.0 = Debug|Any CPU
		{BD5B6852-DD19-4759-BD61-726BD56E61A5}.Release|Any CPU.ActiveCfg = Release|Any CPU
		{BD5B6852-DD19-4759-BD61-726BD56E61A5}.Release|Any CPU.Build.0 = Release|Any CPU
		{513C7887-EC99-469E-82A8-448E21C0592D}.Debug|Any CPU.ActiveCfg = Debug|Any CPU
		{513C7887-EC99-469E-82A8-448E21C0592D}.Debug|Any CPU.Build.0 = Debug|Any CPU
		{513C7887-EC99-469E-82A8-448E21C0592D}.Release|Any CPU.ActiveCfg = Release|Any CPU
		{513C7887-EC99-469E-82A8-448E21C0592D}.Release|Any CPU.Build.0 = Release|Any CPU
	EndGlobalSection
	GlobalSection(NestedProjects) = preSolution
		{28EE3A54-76EF-42A4-A599-C3EE7944492B} = {F3DCAF54-2F9F-4EC8-A90A-0505D5CC964C}
		{E02D4038-4AFC-4DAD-9DF6-466954373392} = {28EE3A54-76EF-42A4-A599-C3EE7944492B}
		{C7047E91-37C4-46A8-88D8-2812BA156BBA} = {28EE3A54-76EF-42A4-A599-C3EE7944492B}
		{1335D6A5-9A0D-43D7-8511-3A3F6F7AAB3E} = {F3DCAF54-2F9F-4EC8-A90A-0505D5CC964C}
		{C90FFDCF-BEC4-45CA-A6B9-4F3272A412B4} = {1335D6A5-9A0D-43D7-8511-3A3F6F7AAB3E}
		{830D77AF-9A10-4465-9951-8F8B9063851F} = {1335D6A5-9A0D-43D7-8511-3A3F6F7AAB3E}
		{F2CDFEAF-6445-402E-A8AA-5337003674CB} = {F3DCAF54-2F9F-4EC8-A90A-0505D5CC964C}
		{94D73C0B-01BC-45F0-9CE6-D1F09A91E671} = {F2CDFEAF-6445-402E-A8AA-5337003674CB}
		{F9EBE1CA-6197-4040-BB85-4C8E01D8B3A9} = {9DB33850-5CA7-4E48-BA03-67C9566F5B5F}
		{2E9500DA-FD80-4A52-A42B-82EFE41C5013} = {F9EBE1CA-6197-4040-BB85-4C8E01D8B3A9}
		{EDD6C72C-3E7A-4F72-88E8-7E8965614207} = {F9EBE1CA-6197-4040-BB85-4C8E01D8B3A9}
		{C2FA3F93-FA3E-48DA-8581-62B195E7391C} = {9DB33850-5CA7-4E48-BA03-67C9566F5B5F}
		{36AB6B75-E977-497B-BE9F-CF7EB385566D} = {C2FA3F93-FA3E-48DA-8581-62B195E7391C}
		{BD5B6852-DD19-4759-BD61-726BD56E61A5} = {C2FA3F93-FA3E-48DA-8581-62B195E7391C}
		{B22957D6-6A17-4E02-9710-5AC3B1563674} = {9DB33850-5CA7-4E48-BA03-67C9566F5B5F}
		{513C7887-EC99-469E-82A8-448E21C0592D} = {B22957D6-6A17-4E02-9710-5AC3B1563674}
	EndGlobalSection
EndGlobal
