
Microsoft Visual Studio Solution File, Format Version 12.00
# Visual Studio Version 17
VisualStudioVersion = 17.0.31903.59
MinimumVisualStudioVersion = 10.0.40219.1
Project("{2150E333-8FDC-42A3-9474-1A3956D46DE8}") = "src", "src", "{F8E4FC49-0B8E-45F8-9D3B-AFDA98BFA72A}"
EndProject
Project("{2150E333-8FDC-42A3-9474-1A3956D46DE8}") = "presentation", "presentation", "{4C28B967-E58F-4D43-8500-64B4CBFCD7AC}"
EndProject
Project("{FAE04EC0-301F-11D3-BF4B-00C04F79EFBC}") = "NuGone.Cli", "src\presentation\NuGone.Cli\NuGone.Cli.csproj", "{E308ED36-E31F-414A-B9C2-18A1D718062F}"
EndProject
Global
	GlobalSection(SolutionConfigurationPlatforms) = preSolution
		Debug|Any CPU = Debug|Any CPU
		Release|Any CPU = Release|Any CPU
	EndGlobalSection
	GlobalSection(SolutionProperties) = preSolution
		HideSolutionNode = FALSE
	EndGlobalSection
	GlobalSection(ProjectConfigurationPlatforms) = postSolution
		{E308ED36-E31F-414A-B9C2-18A1D718062F}.Debug|Any CPU.ActiveCfg = Debug|Any CPU
		{E308ED36-E31F-414A-B9C2-18A1D718062F}.Debug|Any CPU.Build.0 = Debug|Any CPU
		{E308ED36-E31F-414A-B9C2-18A1D718062F}.Release|Any CPU.ActiveCfg = Release|Any CPU
		{E308ED36-E31F-414A-B9C2-18A1D718062F}.Release|Any CPU.Build.0 = Release|Any CPU
	EndGlobalSection
	GlobalSection(NestedProjects) = preSolution
		{4C28B967-E58F-4D43-8500-64B4CBFCD7AC} = {F8E4FC49-0B8E-45F8-9D3B-AFDA98BFA72A}
		{E308ED36-E31F-414A-B9C2-18A1D718062F} = {4C28B967-E58F-4D43-8500-64B4CBFCD7AC}
	EndGlobalSection
EndGlobal
