
Microsoft Visual Studio Solution File, Format Version 12.00
# Visual Studio Version 17
VisualStudioVersion = 17.0.31903.59
MinimumVisualStudioVersion = 10.0.40219.1
Project("{2150E333-8FDC-42A3-9474-1A3956D46DE8}") = "src", "src", "{F8E4FC49-0B8E-45F8-9D3B-AFDA98BFA72A}"
EndProject
Project("{2150E333-8FDC-42A3-9474-1A3956D46DE8}") = "presentation", "presentation", "{4C28B967-E58F-4D43-8500-64B4CBFCD7AC}"
EndProject
Project("{FAE04EC0-301F-11D3-BF4B-00C04F79EFBC}") = "NuGone.Cli", "src\presentation\NuGone.Cli\NuGone.Cli.csproj", "{E308ED36-E31F-414A-B9C2-18A1D718062F}"
EndProject
Project("{2150E333-8FDC-42A3-9474-1A3956D46DE8}") = "core", "core", "{40AEEB61-BFE4-4657-B3BF-44872A40D8B4}"
EndProject
Project("{FAE04EC0-301F-11D3-BF4B-00C04F79EFBC}") = "NuGone.Domain", "src\core\NuGone.Domain\NuGone.Domain.csproj", "{A42B0419-5481-4037-BBBD-D88A65861A17}"
EndProject
Project("{FAE04EC0-301F-11D3-BF4B-00C04F79EFBC}") = "NuGone.Application", "src\core\NuGone.Application\NuGone.Application.csproj", "{EA38FDFC-6CC8-42DD-9F77-0515BF3523C8}"
EndProject
Project("{2150E333-8FDC-42A3-9474-1A3956D46DE8}") = "infrastructure", "infrastructure", "{B6863AFE-8B53-4DA1-8B6C-6EF0A99AF753}"
EndProject
Project("{FAE04EC0-301F-11D3-BF4B-00C04F79EFBC}") = "NuGone.FileSystem", "src\infrastructure\NuGone.FileSystem\NuGone.FileSystem.csproj", "{3F983122-0A76-4D91-9600-09AA0DEFEE00}"
EndProject
Project("{FAE04EC0-301F-11D3-BF4B-00C04F79EFBC}") = "NuGone.NuGet", "src\infrastructure\NuGone.NuGet\NuGone.NuGet.csproj", "{E02A18E2-21FD-417E-BFC7-5CEA91733950}"
EndProject
Global
	GlobalSection(SolutionConfigurationPlatforms) = preSolution
		Debug|Any CPU = Debug|Any CPU
		Release|Any CPU = Release|Any CPU
	EndGlobalSection
	GlobalSection(SolutionProperties) = preSolution
		HideSolutionNode = FALSE
	EndGlobalSection
	GlobalSection(ProjectConfigurationPlatforms) = postSolution
		{E308ED36-E31F-414A-B9C2-18A1D718062F}.Debug|Any CPU.ActiveCfg = Debug|Any CPU
		{E308ED36-E31F-414A-B9C2-18A1D718062F}.Debug|Any CPU.Build.0 = Debug|Any CPU
		{E308ED36-E31F-414A-B9C2-18A1D718062F}.Release|Any CPU.ActiveCfg = Release|Any CPU
		{E308ED36-E31F-414A-B9C2-18A1D718062F}.Release|Any CPU.Build.0 = Release|Any CPU
		{A42B0419-5481-4037-BBBD-D88A65861A17}.Debug|Any CPU.ActiveCfg = Debug|Any CPU
		{A42B0419-5481-4037-BBBD-D88A65861A17}.Debug|Any CPU.Build.0 = Debug|Any CPU
		{A42B0419-5481-4037-BBBD-D88A65861A17}.Release|Any CPU.ActiveCfg = Release|Any CPU
		{A42B0419-5481-4037-BBBD-D88A65861A17}.Release|Any CPU.Build.0 = Release|Any CPU
		{EA38FDFC-6CC8-42DD-9F77-0515BF3523C8}.Debug|Any CPU.ActiveCfg = Debug|Any CPU
		{EA38FDFC-6CC8-42DD-9F77-0515BF3523C8}.Debug|Any CPU.Build.0 = Debug|Any CPU
		{EA38FDFC-6CC8-42DD-9F77-0515BF3523C8}.Release|Any CPU.ActiveCfg = Release|Any CPU
		{EA38FDFC-6CC8-42DD-9F77-0515BF3523C8}.Release|Any CPU.Build.0 = Release|Any CPU
		{3F983122-0A76-4D91-9600-09AA0DEFEE00}.Debug|Any CPU.ActiveCfg = Debug|Any CPU
		{3F983122-0A76-4D91-9600-09AA0DEFEE00}.Debug|Any CPU.Build.0 = Debug|Any CPU
		{3F983122-0A76-4D91-9600-09AA0DEFEE00}.Release|Any CPU.ActiveCfg = Release|Any CPU
		{3F983122-0A76-4D91-9600-09AA0DEFEE00}.Release|Any CPU.Build.0 = Release|Any CPU
		{E02A18E2-21FD-417E-BFC7-5CEA91733950}.Debug|Any CPU.ActiveCfg = Debug|Any CPU
		{E02A18E2-21FD-417E-BFC7-5CEA91733950}.Debug|Any CPU.Build.0 = Debug|Any CPU
		{E02A18E2-21FD-417E-BFC7-5CEA91733950}.Release|Any CPU.ActiveCfg = Release|Any CPU
		{E02A18E2-21FD-417E-BFC7-5CEA91733950}.Release|Any CPU.Build.0 = Release|Any CPU
	EndGlobalSection
	GlobalSection(NestedProjects) = preSolution
		{4C28B967-E58F-4D43-8500-64B4CBFCD7AC} = {F8E4FC49-0B8E-45F8-9D3B-AFDA98BFA72A}
		{E308ED36-E31F-414A-B9C2-18A1D718062F} = {4C28B967-E58F-4D43-8500-64B4CBFCD7AC}
		{40AEEB61-BFE4-4657-B3BF-44872A40D8B4} = {F8E4FC49-0B8E-45F8-9D3B-AFDA98BFA72A}
		{A42B0419-5481-4037-BBBD-D88A65861A17} = {40AEEB61-BFE4-4657-B3BF-44872A40D8B4}
		{EA38FDFC-6CC8-42DD-9F77-0515BF3523C8} = {40AEEB61-BFE4-4657-B3BF-44872A40D8B4}
		{B6863AFE-8B53-4DA1-8B6C-6EF0A99AF753} = {F8E4FC49-0B8E-45F8-9D3B-AFDA98BFA72A}
		{3F983122-0A76-4D91-9600-09AA0DEFEE00} = {B6863AFE-8B53-4DA1-8B6C-6EF0A99AF753}
		{E02A18E2-21FD-417E-BFC7-5CEA91733950} = {B6863AFE-8B53-4DA1-8B6C-6EF0A99AF753}
	EndGlobalSection
EndGlobal
